
Microsoft Visual Studio Solution File, Format Version 12.00
# Visual Studio Version 17
VisualStudioVersion = 17.5.002.0
MinimumVisualStudioVersion = 10.0.40219.1
Project("{9A19103F-16F7-4668-BE54-9A1E7A4F7556}") = "Treinar", "Treinar.csproj", "{50C1822B-E17A-473F-B8D3-479499B5CF20}"
EndProject
Global
	GlobalSection(SolutionConfigurationPlatforms) = preSolution
		Debug|Any CPU = Debug|Any CPU
		Release|Any CPU = Release|Any CPU
	EndGlobalSection
	GlobalSection(ProjectConfigurationPlatforms) = postSolution
		{50C1822B-E17A-473F-B8D3-479499B5CF20}.Debug|Any CPU.ActiveCfg = Debug|Any CPU
		{50C1822B-E17A-473F-B8D3-479499B5CF20}.Debug|Any CPU.Build.0 = Debug|Any CPU
		{50C1822B-E17A-473F-B8D3-479499B5CF20}.Release|Any CPU.ActiveCfg = Release|Any CPU
		{50C1822B-E17A-473F-B8D3-479499B5CF20}.Release|Any CPU.Build.0 = Release|Any CPU
	EndGlobalSection
	GlobalSection(SolutionProperties) = preSolution
		HideSolutionNode = FALSE
	EndGlobalSection
	GlobalSection(ExtensibilityGlobals) = postSolution
		SolutionGuid = {B25CE20A-9A3E-433F-9A73-01813B45D822}
	EndGlobalSection
EndGlobal
